
Microsoft Visual Studio Solution File, Format Version 12.00
# Visual Studio Version 16
VisualStudioVersion = 16.0.29509.3
MinimumVisualStudioVersion = 10.0.40219.1
Project("{FAE04EC0-301F-11D3-BF4B-00C04F79EFBC}") = "Zoo", "Zoo\Zoo.csproj", "{772D2676-C9BC-4019-A78E-BB3E31D66ADE}"
EndProject
Global
	GlobalSection(SolutionConfigurationPlatforms) = preSolution
		Debug|Any CPU = Debug|Any CPU
		Release|Any CPU = Release|Any CPU
	EndGlobalSection
	GlobalSection(ProjectConfigurationPlatforms) = postSolution
		{772D2676-C9BC-4019-A78E-BB3E31D66ADE}.Debug|Any CPU.ActiveCfg = Debug|Any CPU
		{772D2676-C9BC-4019-A78E-BB3E31D66ADE}.Debug|Any CPU.Build.0 = Debug|Any CPU
		{772D2676-C9BC-4019-A78E-BB3E31D66ADE}.Release|Any CPU.ActiveCfg = Release|Any CPU
		{772D2676-C9BC-4019-A78E-BB3E31D66ADE}.Release|Any CPU.Build.0 = Release|Any CPU
	EndGlobalSection
	GlobalSection(SolutionProperties) = preSolution
		HideSolutionNode = FALSE
	EndGlobalSection
	GlobalSection(ExtensibilityGlobals) = postSolution
		SolutionGuid = {4F9DC364-2E5E-4922-8873-2273AE16723C}
	EndGlobalSection
EndGlobal
