
Microsoft Visual Studio Solution File, Format Version 12.00
# Visual Studio Version 16
VisualStudioVersion = 16.0.29509.3
MinimumVisualStudioVersion = 10.0.40219.1
Project("{FAE04EC0-301F-11D3-BF4B-00C04F79EFBC}") = "ZooContent", "ZooContent\ZooContent.csproj", "{9E168428-95E5-4241-B79C-10CDCB9BB2C2}"
EndProject
Project("{FAE04EC0-301F-11D3-BF4B-00C04F79EFBC}") = "ConsoleZoo", "ConsoleZoo\ConsoleZoo.csproj", "{CE76EDDE-8EA5-4C95-8F4E-8A0EA8B14D79}"
EndProject
Global
	GlobalSection(SolutionConfigurationPlatforms) = preSolution
		Debug|Any CPU = Debug|Any CPU
		Release|Any CPU = Release|Any CPU
	EndGlobalSection
	GlobalSection(ProjectConfigurationPlatforms) = postSolution
		{9E168428-95E5-4241-B79C-10CDCB9BB2C2}.Debug|Any CPU.ActiveCfg = Debug|Any CPU
		{9E168428-95E5-4241-B79C-10CDCB9BB2C2}.Debug|Any CPU.Build.0 = Debug|Any CPU
		{9E168428-95E5-4241-B79C-10CDCB9BB2C2}.Release|Any CPU.ActiveCfg = Release|Any CPU
		{9E168428-95E5-4241-B79C-10CDCB9BB2C2}.Release|Any CPU.Build.0 = Release|Any CPU
		{CE76EDDE-8EA5-4C95-8F4E-8A0EA8B14D79}.Debug|Any CPU.ActiveCfg = Debug|Any CPU
		{CE76EDDE-8EA5-4C95-8F4E-8A0EA8B14D79}.Debug|Any CPU.Build.0 = Debug|Any CPU
		{CE76EDDE-8EA5-4C95-8F4E-8A0EA8B14D79}.Release|Any CPU.ActiveCfg = Release|Any CPU
		{CE76EDDE-8EA5-4C95-8F4E-8A0EA8B14D79}.Release|Any CPU.Build.0 = Release|Any CPU
	EndGlobalSection
	GlobalSection(SolutionProperties) = preSolution
		HideSolutionNode = FALSE
	EndGlobalSection
	GlobalSection(ExtensibilityGlobals) = postSolution
		SolutionGuid = {4F9DC364-2E5E-4922-8873-2273AE16723C}
	EndGlobalSection
EndGlobal
